// !$*UTF8*$!
{
	archiveVersion = 1;
	classes = {
	};
	objectVersion = 56;
	objects = {

/* Begin PBXBuildFile section */
		FDDBB82229E9FFB700CF9102 /* AppDelegate.swift in Sources */ = {isa = PBXBuildFile; fileRef = FDDBB82129E9FFB700CF9102 /* AppDelegate.swift */; };
		FDDBB82429E9FFB700CF9102 /* SceneDelegate.swift in Sources */ = {isa = PBXBuildFile; fileRef = FDDBB82329E9FFB700CF9102 /* SceneDelegate.swift */; };
		FDDBB82B29E9FFB900CF9102 /* Assets.xcassets in Resources */ = {isa = PBXBuildFile; fileRef = FDDBB82A29E9FFB900CF9102 /* Assets.xcassets */; };
		FDDBB82E29E9FFB900CF9102 /* LaunchScreen.storyboard in Resources */ = {isa = PBXBuildFile; fileRef = FDDBB82C29E9FFB900CF9102 /* LaunchScreen.storyboard */; };
		FDDBB83729EA1C9900CF9102 /* OnboardingFirstViewController.swift in Sources */ = {isa = PBXBuildFile; fileRef = FDDBB83629EA1C9900CF9102 /* OnboardingFirstViewController.swift */; };
		FDDBB83929EA1CAB00CF9102 /* OnboardingSecondViewController.swift in Sources */ = {isa = PBXBuildFile; fileRef = FDDBB83829EA1CAB00CF9102 /* OnboardingSecondViewController.swift */; };
		FDDBB83B29EA1CC000CF9102 /* OnboardingThirdViewController.swift in Sources */ = {isa = PBXBuildFile; fileRef = FDDBB83A29EA1CC000CF9102 /* OnboardingThirdViewController.swift */; };
		FDDBB83D29EA1D9500CF9102 /* MainViewController.swift in Sources */ = {isa = PBXBuildFile; fileRef = FDDBB83C29EA1D9500CF9102 /* MainViewController.swift */; };
		FDDBB84029EA1EA000CF9102 /* DeeplinkCoordinator.swift in Sources */ = {isa = PBXBuildFile; fileRef = FDDBB83F29EA1EA000CF9102 /* DeeplinkCoordinator.swift */; };
		FDDBB84329EA219E00CF9102 /* DeeplinkViewController.swift in Sources */ = {isa = PBXBuildFile; fileRef = FDDBB84229EA219E00CF9102 /* DeeplinkViewController.swift */; };
		FDDBB84529EA550200CF9102 /* MainCoordinator.swift in Sources */ = {isa = PBXBuildFile; fileRef = FDDBB84429EA550200CF9102 /* MainCoordinator.swift */; };
		FDDBB84729EA551300CF9102 /* OnboardingCoordinator.swift in Sources */ = {isa = PBXBuildFile; fileRef = FDDBB84629EA551300CF9102 /* OnboardingCoordinator.swift */; };
		FDDBB84929EA575100CF9102 /* BaseViewController.swift in Sources */ = {isa = PBXBuildFile; fileRef = FDDBB84829EA575100CF9102 /* BaseViewController.swift */; };
		FDDBB84B29EA619800CF9102 /* GoogleService-Info.plist in Resources */ = {isa = PBXBuildFile; fileRef = FDDBB84A29EA619800CF9102 /* GoogleService-Info.plist */; };
		FDDBB84E29EA628200CF9102 /* FirebaseAnalytics in Frameworks */ = {isa = PBXBuildFile; productRef = FDDBB84D29EA628200CF9102 /* FirebaseAnalytics */; };
		FDDBB85029EA628200CF9102 /* FirebaseAnalyticsSwift in Frameworks */ = {isa = PBXBuildFile; productRef = FDDBB84F29EA628200CF9102 /* FirebaseAnalyticsSwift */; };
/* End PBXBuildFile section */

/* Begin PBXFileReference section */
		FDDBB81E29E9FFB700CF9102 /* MarcoPolo.app */ = {isa = PBXFileReference; explicitFileType = wrapper.application; includeInIndex = 0; path = MarcoPolo.app; sourceTree = BUILT_PRODUCTS_DIR; };
		FDDBB82129E9FFB700CF9102 /* AppDelegate.swift */ = {isa = PBXFileReference; lastKnownFileType = sourcecode.swift; path = AppDelegate.swift; sourceTree = "<group>"; };
		FDDBB82329E9FFB700CF9102 /* SceneDelegate.swift */ = {isa = PBXFileReference; lastKnownFileType = sourcecode.swift; path = SceneDelegate.swift; sourceTree = "<group>"; };
		FDDBB82A29E9FFB900CF9102 /* Assets.xcassets */ = {isa = PBXFileReference; lastKnownFileType = folder.assetcatalog; path = Assets.xcassets; sourceTree = "<group>"; };
		FDDBB82D29E9FFB900CF9102 /* Base */ = {isa = PBXFileReference; lastKnownFileType = file.storyboard; name = Base; path = Base.lproj/LaunchScreen.storyboard; sourceTree = "<group>"; };
		FDDBB82F29E9FFB900CF9102 /* Info.plist */ = {isa = PBXFileReference; lastKnownFileType = text.plist.xml; path = Info.plist; sourceTree = "<group>"; };
		FDDBB83629EA1C9900CF9102 /* OnboardingFirstViewController.swift */ = {isa = PBXFileReference; lastKnownFileType = sourcecode.swift; path = OnboardingFirstViewController.swift; sourceTree = "<group>"; };
		FDDBB83829EA1CAB00CF9102 /* OnboardingSecondViewController.swift */ = {isa = PBXFileReference; lastKnownFileType = sourcecode.swift; path = OnboardingSecondViewController.swift; sourceTree = "<group>"; };
		FDDBB83A29EA1CC000CF9102 /* OnboardingThirdViewController.swift */ = {isa = PBXFileReference; lastKnownFileType = sourcecode.swift; path = OnboardingThirdViewController.swift; sourceTree = "<group>"; };
		FDDBB83C29EA1D9500CF9102 /* MainViewController.swift */ = {isa = PBXFileReference; lastKnownFileType = sourcecode.swift; path = MainViewController.swift; sourceTree = "<group>"; };
		FDDBB83F29EA1EA000CF9102 /* DeeplinkCoordinator.swift */ = {isa = PBXFileReference; lastKnownFileType = sourcecode.swift; path = DeeplinkCoordinator.swift; sourceTree = "<group>"; };
		FDDBB84229EA219E00CF9102 /* DeeplinkViewController.swift */ = {isa = PBXFileReference; lastKnownFileType = sourcecode.swift; path = DeeplinkViewController.swift; sourceTree = "<group>"; };
		FDDBB84429EA550200CF9102 /* MainCoordinator.swift */ = {isa = PBXFileReference; lastKnownFileType = sourcecode.swift; path = MainCoordinator.swift; sourceTree = "<group>"; };
		FDDBB84629EA551300CF9102 /* OnboardingCoordinator.swift */ = {isa = PBXFileReference; lastKnownFileType = sourcecode.swift; path = OnboardingCoordinator.swift; sourceTree = "<group>"; };
		FDDBB84829EA575100CF9102 /* BaseViewController.swift */ = {isa = PBXFileReference; lastKnownFileType = sourcecode.swift; path = BaseViewController.swift; sourceTree = "<group>"; };
		FDDBB84A29EA619800CF9102 /* GoogleService-Info.plist */ = {isa = PBXFileReference; fileEncoding = 4; lastKnownFileType = text.plist.xml; path = "GoogleService-Info.plist"; sourceTree = "<group>"; };
/* End PBXFileReference section */

/* Begin PBXFrameworksBuildPhase section */
		FDDBB81B29E9FFB700CF9102 /* Frameworks */ = {
			isa = PBXFrameworksBuildPhase;
			buildActionMask = 2147483647;
			files = (
				FDDBB85029EA628200CF9102 /* FirebaseAnalyticsSwift in Frameworks */,
				FDDBB84E29EA628200CF9102 /* FirebaseAnalytics in Frameworks */,
			);
			runOnlyForDeploymentPostprocessing = 0;
		};
/* End PBXFrameworksBuildPhase section */

/* Begin PBXGroup section */
		FDDBB81529E9FFB700CF9102 = {
			isa = PBXGroup;
			children = (
				FDDBB82029E9FFB700CF9102 /* MarcoPolo */,
				FDDBB81F29E9FFB700CF9102 /* Products */,
			);
			sourceTree = "<group>";
		};
		FDDBB81F29E9FFB700CF9102 /* Products */ = {
			isa = PBXGroup;
			children = (
				FDDBB81E29E9FFB700CF9102 /* MarcoPolo.app */,
			);
			name = Products;
			sourceTree = "<group>";
		};
		FDDBB82029E9FFB700CF9102 /* MarcoPolo */ = {
			isa = PBXGroup;
			children = (
				FDDBB83E29EA1DB500CF9102 /* Coordinator */,
				FDDBB83529EA1C6E00CF9102 /* Onboarding */,
				FDDBB82129E9FFB700CF9102 /* AppDelegate.swift */,
				FDDBB82329E9FFB700CF9102 /* SceneDelegate.swift */,
				FDDBB82A29E9FFB900CF9102 /* Assets.xcassets */,
				FDDBB82C29E9FFB900CF9102 /* LaunchScreen.storyboard */,
				FDDBB82F29E9FFB900CF9102 /* Info.plist */,
				FDDBB84A29EA619800CF9102 /* GoogleService-Info.plist */,
				FDDBB83C29EA1D9500CF9102 /* MainViewController.swift */,
				FDDBB84429EA550200CF9102 /* MainCoordinator.swift */,
				FDDBB84829EA575100CF9102 /* BaseViewController.swift */,
			);
			path = MarcoPolo;
			sourceTree = "<group>";
		};
		FDDBB83529EA1C6E00CF9102 /* Onboarding */ = {
			isa = PBXGroup;
			children = (
				FDDBB84629EA551300CF9102 /* OnboardingCoordinator.swift */,
				FDDBB83629EA1C9900CF9102 /* OnboardingFirstViewController.swift */,
				FDDBB83829EA1CAB00CF9102 /* OnboardingSecondViewController.swift */,
				FDDBB83A29EA1CC000CF9102 /* OnboardingThirdViewController.swift */,
			);
			path = Onboarding;
			sourceTree = "<group>";
		};
		FDDBB83E29EA1DB500CF9102 /* Coordinator */ = {
			isa = PBXGroup;
			children = (
				FDDBB84229EA219E00CF9102 /* DeeplinkViewController.swift */,
				FDDBB83F29EA1EA000CF9102 /* DeeplinkCoordinator.swift */,
			);
			path = Coordinator;
			sourceTree = "<group>";
		};
/* End PBXGroup section */

/* Begin PBXNativeTarget section */
		FDDBB81D29E9FFB700CF9102 /* MarcoPolo */ = {
			isa = PBXNativeTarget;
			buildConfigurationList = FDDBB83229E9FFB900CF9102 /* Build configuration list for PBXNativeTarget "MarcoPolo" */;
			buildPhases = (
				FDDBB81A29E9FFB700CF9102 /* Sources */,
				FDDBB81B29E9FFB700CF9102 /* Frameworks */,
				FDDBB81C29E9FFB700CF9102 /* Resources */,
			);
			buildRules = (
			);
			dependencies = (
			);
			name = MarcoPolo;
			packageProductDependencies = (
				FDDBB84D29EA628200CF9102 /* FirebaseAnalytics */,
				FDDBB84F29EA628200CF9102 /* FirebaseAnalyticsSwift */,
			);
			productName = MarcoPolo;
			productReference = FDDBB81E29E9FFB700CF9102 /* MarcoPolo.app */;
			productType = "com.apple.product-type.application";
		};
/* End PBXNativeTarget section */

/* Begin PBXProject section */
		FDDBB81629E9FFB700CF9102 /* Project object */ = {
			isa = PBXProject;
			attributes = {
				BuildIndependentTargetsInParallel = 1;
				LastSwiftUpdateCheck = 1420;
				LastUpgradeCheck = 1420;
				TargetAttributes = {
					FDDBB81D29E9FFB700CF9102 = {
						CreatedOnToolsVersion = 14.2;
					};
				};
			};
			buildConfigurationList = FDDBB81929E9FFB700CF9102 /* Build configuration list for PBXProject "MarcoPolo" */;
			compatibilityVersion = "Xcode 14.0";
			developmentRegion = en;
			hasScannedForEncodings = 0;
			knownRegions = (
				en,
				Base,
			);
			mainGroup = FDDBB81529E9FFB700CF9102;
			packageReferences = (
				FDDBB84C29EA628200CF9102 /* XCRemoteSwiftPackageReference "firebase-ios-sdk" */,
			);
			productRefGroup = FDDBB81F29E9FFB700CF9102 /* Products */;
			projectDirPath = "";
			projectRoot = "";
			targets = (
				FDDBB81D29E9FFB700CF9102 /* MarcoPolo */,
			);
		};
/* End PBXProject section */

/* Begin PBXResourcesBuildPhase section */
		FDDBB81C29E9FFB700CF9102 /* Resources */ = {
			isa = PBXResourcesBuildPhase;
			buildActionMask = 2147483647;
			files = (
				FDDBB82E29E9FFB900CF9102 /* LaunchScreen.storyboard in Resources */,
				FDDBB82B29E9FFB900CF9102 /* Assets.xcassets in Resources */,
				FDDBB84B29EA619800CF9102 /* GoogleService-Info.plist in Resources */,
			);
			runOnlyForDeploymentPostprocessing = 0;
		};
/* End PBXResourcesBuildPhase section */

/* Begin PBXSourcesBuildPhase section */
		FDDBB81A29E9FFB700CF9102 /* Sources */ = {
			isa = PBXSourcesBuildPhase;
			buildActionMask = 2147483647;
			files = (
				FDDBB82229E9FFB700CF9102 /* AppDelegate.swift in Sources */,
				FDDBB83929EA1CAB00CF9102 /* OnboardingSecondViewController.swift in Sources */,
				FDDBB84929EA575100CF9102 /* BaseViewController.swift in Sources */,
				FDDBB82429E9FFB700CF9102 /* SceneDelegate.swift in Sources */,
				FDDBB83D29EA1D9500CF9102 /* MainViewController.swift in Sources */,
				FDDBB83729EA1C9900CF9102 /* OnboardingFirstViewController.swift in Sources */,
				FDDBB83B29EA1CC000CF9102 /* OnboardingThirdViewController.swift in Sources */,
				FDDBB84029EA1EA000CF9102 /* DeeplinkCoordinator.swift in Sources */,
				FDDBB84529EA550200CF9102 /* MainCoordinator.swift in Sources */,
				FDDBB84329EA219E00CF9102 /* DeeplinkViewController.swift in Sources */,
				FDDBB84729EA551300CF9102 /* OnboardingCoordinator.swift in Sources */,
			);
			runOnlyForDeploymentPostprocessing = 0;
		};
/* End PBXSourcesBuildPhase section */

/* Begin PBXVariantGroup section */
		FDDBB82C29E9FFB900CF9102 /* LaunchScreen.storyboard */ = {
			isa = PBXVariantGroup;
			children = (
				FDDBB82D29E9FFB900CF9102 /* Base */,
			);
			name = LaunchScreen.storyboard;
			sourceTree = "<group>";
		};
/* End PBXVariantGroup section */

/* Begin XCBuildConfiguration section */
		FDDBB83029E9FFB900CF9102 /* Debug */ = {
			isa = XCBuildConfiguration;
			buildSettings = {
				ALWAYS_SEARCH_USER_PATHS = NO;
				CLANG_ANALYZER_NONNULL = YES;
				CLANG_ANALYZER_NUMBER_OBJECT_CONVERSION = YES_AGGRESSIVE;
				CLANG_CXX_LANGUAGE_STANDARD = "gnu++20";
				CLANG_ENABLE_MODULES = YES;
				CLANG_ENABLE_OBJC_ARC = YES;
				CLANG_ENABLE_OBJC_WEAK = YES;
				CLANG_WARN_BLOCK_CAPTURE_AUTORELEASING = YES;
				CLANG_WARN_BOOL_CONVERSION = YES;
				CLANG_WARN_COMMA = YES;
				CLANG_WARN_CONSTANT_CONVERSION = YES;
				CLANG_WARN_DEPRECATED_OBJC_IMPLEMENTATIONS = YES;
				CLANG_WARN_DIRECT_OBJC_ISA_USAGE = YES_ERROR;
				CLANG_WARN_DOCUMENTATION_COMMENTS = YES;
				CLANG_WARN_EMPTY_BODY = YES;
				CLANG_WARN_ENUM_CONVERSION = YES;
				CLANG_WARN_INFINITE_RECURSION = YES;
				CLANG_WARN_INT_CONVERSION = YES;
				CLANG_WARN_NON_LITERAL_NULL_CONVERSION = YES;
				CLANG_WARN_OBJC_IMPLICIT_RETAIN_SELF = YES;
				CLANG_WARN_OBJC_LITERAL_CONVERSION = YES;
				CLANG_WARN_OBJC_ROOT_CLASS = YES_ERROR;
				CLANG_WARN_QUOTED_INCLUDE_IN_FRAMEWORK_HEADER = YES;
				CLANG_WARN_RANGE_LOOP_ANALYSIS = YES;
				CLANG_WARN_STRICT_PROTOTYPES = YES;
				CLANG_WARN_SUSPICIOUS_MOVE = YES;
				CLANG_WARN_UNGUARDED_AVAILABILITY = YES_AGGRESSIVE;
				CLANG_WARN_UNREACHABLE_CODE = YES;
				CLANG_WARN__DUPLICATE_METHOD_MATCH = YES;
				COPY_PHASE_STRIP = NO;
				DEBUG_INFORMATION_FORMAT = dwarf;
				ENABLE_STRICT_OBJC_MSGSEND = YES;
				ENABLE_TESTABILITY = YES;
				GCC_C_LANGUAGE_STANDARD = gnu11;
				GCC_DYNAMIC_NO_PIC = NO;
				GCC_NO_COMMON_BLOCKS = YES;
				GCC_OPTIMIZATION_LEVEL = 0;
				GCC_PREPROCESSOR_DEFINITIONS = (
					"DEBUG=1",
					"$(inherited)",
				);
				GCC_WARN_64_TO_32_BIT_CONVERSION = YES;
				GCC_WARN_ABOUT_RETURN_TYPE = YES_ERROR;
				GCC_WARN_UNDECLARED_SELECTOR = YES;
				GCC_WARN_UNINITIALIZED_AUTOS = YES_AGGRESSIVE;
				GCC_WARN_UNUSED_FUNCTION = YES;
				GCC_WARN_UNUSED_VARIABLE = YES;
				IPHONEOS_DEPLOYMENT_TARGET = 16.2;
				MTL_ENABLE_DEBUG_INFO = INCLUDE_SOURCE;
				MTL_FAST_MATH = YES;
				ONLY_ACTIVE_ARCH = YES;
				SDKROOT = iphoneos;
				SWIFT_ACTIVE_COMPILATION_CONDITIONS = DEBUG;
				SWIFT_OPTIMIZATION_LEVEL = "-Onone";
			};
			name = Debug;
		};
		FDDBB83129E9FFB900CF9102 /* Release */ = {
			isa = XCBuildConfiguration;
			buildSettings = {
				ALWAYS_SEARCH_USER_PATHS = NO;
				CLANG_ANALYZER_NONNULL = YES;
				CLANG_ANALYZER_NUMBER_OBJECT_CONVERSION = YES_AGGRESSIVE;
				CLANG_CXX_LANGUAGE_STANDARD = "gnu++20";
				CLANG_ENABLE_MODULES = YES;
				CLANG_ENABLE_OBJC_ARC = YES;
				CLANG_ENABLE_OBJC_WEAK = YES;
				CLANG_WARN_BLOCK_CAPTURE_AUTORELEASING = YES;
				CLANG_WARN_BOOL_CONVERSION = YES;
				CLANG_WARN_COMMA = YES;
				CLANG_WARN_CONSTANT_CONVERSION = YES;
				CLANG_WARN_DEPRECATED_OBJC_IMPLEMENTATIONS = YES;
				CLANG_WARN_DIRECT_OBJC_ISA_USAGE = YES_ERROR;
				CLANG_WARN_DOCUMENTATION_COMMENTS = YES;
				CLANG_WARN_EMPTY_BODY = YES;
				CLANG_WARN_ENUM_CONVERSION = YES;
				CLANG_WARN_INFINITE_RECURSION = YES;
				CLANG_WARN_INT_CONVERSION = YES;
				CLANG_WARN_NON_LITERAL_NULL_CONVERSION = YES;
				CLANG_WARN_OBJC_IMPLICIT_RETAIN_SELF = YES;
				CLANG_WARN_OBJC_LITERAL_CONVERSION = YES;
				CLANG_WARN_OBJC_ROOT_CLASS = YES_ERROR;
				CLANG_WARN_QUOTED_INCLUDE_IN_FRAMEWORK_HEADER = YES;
				CLANG_WARN_RANGE_LOOP_ANALYSIS = YES;
				CLANG_WARN_STRICT_PROTOTYPES = YES;
				CLANG_WARN_SUSPICIOUS_MOVE = YES;
				CLANG_WARN_UNGUARDED_AVAILABILITY = YES_AGGRESSIVE;
				CLANG_WARN_UNREACHABLE_CODE = YES;
				CLANG_WARN__DUPLICATE_METHOD_MATCH = YES;
				COPY_PHASE_STRIP = NO;
				DEBUG_INFORMATION_FORMAT = "dwarf-with-dsym";
				ENABLE_NS_ASSERTIONS = NO;
				ENABLE_STRICT_OBJC_MSGSEND = YES;
				GCC_C_LANGUAGE_STANDARD = gnu11;
				GCC_NO_COMMON_BLOCKS = YES;
				GCC_WARN_64_TO_32_BIT_CONVERSION = YES;
				GCC_WARN_ABOUT_RETURN_TYPE = YES_ERROR;
				GCC_WARN_UNDECLARED_SELECTOR = YES;
				GCC_WARN_UNINITIALIZED_AUTOS = YES_AGGRESSIVE;
				GCC_WARN_UNUSED_FUNCTION = YES;
				GCC_WARN_UNUSED_VARIABLE = YES;
				IPHONEOS_DEPLOYMENT_TARGET = 16.2;
				MTL_ENABLE_DEBUG_INFO = NO;
				MTL_FAST_MATH = YES;
				SDKROOT = iphoneos;
				SWIFT_COMPILATION_MODE = wholemodule;
				SWIFT_OPTIMIZATION_LEVEL = "-O";
				VALIDATE_PRODUCT = YES;
			};
			name = Release;
		};
		FDDBB83329E9FFB900CF9102 /* Debug */ = {
			isa = XCBuildConfiguration;
			buildSettings = {
				ASSETCATALOG_COMPILER_APPICON_NAME = AppIcon;
				ASSETCATALOG_COMPILER_GLOBAL_ACCENT_COLOR_NAME = AccentColor;
				CODE_SIGN_STYLE = Automatic;
				CURRENT_PROJECT_VERSION = 1;
				GENERATE_INFOPLIST_FILE = YES;
				INFOPLIST_FILE = MarcoPolo/Info.plist;
				INFOPLIST_KEY_UIApplicationSupportsIndirectInputEvents = YES;
				INFOPLIST_KEY_UILaunchStoryboardName = LaunchScreen;
				INFOPLIST_KEY_UISupportedInterfaceOrientations_iPad = "UIInterfaceOrientationPortrait UIInterfaceOrientationPortraitUpsideDown UIInterfaceOrientationLandscapeLeft UIInterfaceOrientationLandscapeRight";
				INFOPLIST_KEY_UISupportedInterfaceOrientations_iPhone = "UIInterfaceOrientationPortrait UIInterfaceOrientationLandscapeLeft UIInterfaceOrientationLandscapeRight";
				LD_RUNPATH_SEARCH_PATHS = (
					"$(inherited)",
					"@executable_path/Frameworks",
				);
				MARKETING_VERSION = 1.0;
				PRODUCT_BUNDLE_IDENTIFIER = com.helios.MarcoPolo;
				PRODUCT_NAME = "$(TARGET_NAME)";
				SWIFT_EMIT_LOC_STRINGS = YES;
				SWIFT_VERSION = 5.0;
				TARGETED_DEVICE_FAMILY = "1,2";
			};
			name = Debug;
		};
		FDDBB83429E9FFB900CF9102 /* Release */ = {
			isa = XCBuildConfiguration;
			buildSettings = {
				ASSETCATALOG_COMPILER_APPICON_NAME = AppIcon;
				ASSETCATALOG_COMPILER_GLOBAL_ACCENT_COLOR_NAME = AccentColor;
				CODE_SIGN_STYLE = Automatic;
				CURRENT_PROJECT_VERSION = 1;
				GENERATE_INFOPLIST_FILE = YES;
				INFOPLIST_FILE = MarcoPolo/Info.plist;
				INFOPLIST_KEY_UIApplicationSupportsIndirectInputEvents = YES;
				INFOPLIST_KEY_UILaunchStoryboardName = LaunchScreen;
				INFOPLIST_KEY_UISupportedInterfaceOrientations_iPad = "UIInterfaceOrientationPortrait UIInterfaceOrientationPortraitUpsideDown UIInterfaceOrientationLandscapeLeft UIInterfaceOrientationLandscapeRight";
				INFOPLIST_KEY_UISupportedInterfaceOrientations_iPhone = "UIInterfaceOrientationPortrait UIInterfaceOrientationLandscapeLeft UIInterfaceOrientationLandscapeRight";
				LD_RUNPATH_SEARCH_PATHS = (
					"$(inherited)",
					"@executable_path/Frameworks",
				);
				MARKETING_VERSION = 1.0;
				PRODUCT_BUNDLE_IDENTIFIER = com.helios.MarcoPolo;
				PRODUCT_NAME = "$(TARGET_NAME)";
				SWIFT_EMIT_LOC_STRINGS = YES;
				SWIFT_VERSION = 5.0;
				TARGETED_DEVICE_FAMILY = "1,2";
			};
			name = Release;
		};
/* End XCBuildConfiguration section */

/* Begin XCConfigurationList section */
		FDDBB81929E9FFB700CF9102 /* Build configuration list for PBXProject "MarcoPolo" */ = {
			isa = XCConfigurationList;
			buildConfigurations = (
				FDDBB83029E9FFB900CF9102 /* Debug */,
				FDDBB83129E9FFB900CF9102 /* Release */,
			);
			defaultConfigurationIsVisible = 0;
			defaultConfigurationName = Release;
		};
		FDDBB83229E9FFB900CF9102 /* Build configuration list for PBXNativeTarget "MarcoPolo" */ = {
			isa = XCConfigurationList;
			buildConfigurations = (
				FDDBB83329E9FFB900CF9102 /* Debug */,
				FDDBB83429E9FFB900CF9102 /* Release */,
			);
			defaultConfigurationIsVisible = 0;
			defaultConfigurationName = Release;
		};
/* End XCConfigurationList section */

/* Begin XCRemoteSwiftPackageReference section */
		FDDBB84C29EA628200CF9102 /* XCRemoteSwiftPackageReference "firebase-ios-sdk" */ = {
			isa = XCRemoteSwiftPackageReference;
			repositoryURL = "https://github.com/firebase/firebase-ios-sdk";
			requirement = {
				kind = versionRange;
				maximumVersion = 10.0.0;
				minimumVersion = 9.0.0;
			};
		};
/* End XCRemoteSwiftPackageReference section */

/* Begin XCSwiftPackageProductDependency section */
		FDDBB84D29EA628200CF9102 /* FirebaseAnalytics */ = {
			isa = XCSwiftPackageProductDependency;
			package = FDDBB84C29EA628200CF9102 /* XCRemoteSwiftPackageReference "firebase-ios-sdk" */;
			productName = FirebaseAnalytics;
		};
		FDDBB84F29EA628200CF9102 /* FirebaseAnalyticsSwift */ = {
			isa = XCSwiftPackageProductDependency;
			package = FDDBB84C29EA628200CF9102 /* XCRemoteSwiftPackageReference "firebase-ios-sdk" */;
			productName = FirebaseAnalyticsSwift;
		};
/* End XCSwiftPackageProductDependency section */
	};
	rootObject = FDDBB81629E9FFB700CF9102 /* Project object */;
}
